# This file is automatically @generated by Poetry 1.7.1 and should not be changed by hand.

[[package]]
name = "unreal"
version = "0.1.1"
description = "A Pythonic implementation of R package conjurer"
optional = false
python-versions = ">=3.6"
files = [
    {file = "unreal-0.1.1-py3-none-any.whl", hash = "sha256:b0cd5e9d42bbb6fb48aa37893c8ccc4664c7185c1afc951e539551a7145779d1"},
    {file = "unreal-0.1.1.tar.gz", hash = "sha256:0bf854d855d9f91dbbea5261c463a58d1fa689cef073553b8ad73c7a4307f90b"},
]

[metadata]
lock-version = "2.0"
python-versions = "^3.11"
content-hash = "c0671d10d219bd12b4d9af4f0826cbf06145de5f157fab4fe5ec1907b270b399"
